<?xml version="1.0" encoding="UTF-8" standalone="yes" ?>
<CodeBlocks_project_file>
	<FileVersion major="1" minor="6" />
	<Project>
		<Option title="P4RM" />
		<Option pch_mode="2" />
		<Option compiler="arm-elf-gcc" />
		<Build>
			<Target title="Debug">
				<Option output="bin/Debug/P4RM.bin" prefix_auto="1" extension_auto="0" />
				<Option object_output="obj/Debug/" />
				<Option type="1" />
				<Option compiler="arm-elf-gcc" />
				<Compiler>
					<Add option="-g" />
					<Add directory="include" />
				</Compiler>
			</Target>
			<Target title="Release">
				<Option output="bin/Release/P4RM.bin" prefix_auto="1" extension_auto="0" />
				<Option object_output="obj/Release/" />
				<Option type="1" />
				<Option compiler="arm-elf-gcc" />
				<Compiler>
					<Add option="-O2" />
					<Add directory="include" />
				</Compiler>
				<Linker>
					<Add option="-s" />
				</Linker>
			</Target>
		</Build>
		<Compiler>
			<Add option="-mfpu=vfp" />
			<Add option="-Wall" />
			<Add option="-fexceptions" />
			<Add option="-static" />
			<Add option="-static-libstdc++" />
		</Compiler>
		<Linker>
			<Add library="lib/libsfml-network-s.a" />
			<Add library="lib/libsfml-system-s.a" />
			<Add library="lib/libstdc++.a" />
		</Linker>
		<Unit filename="include/PAgent.hpp" />
		<Unit filename="include/PCB_Moteur.hpp" />
		<Unit filename="include/PCommand.hpp" />
		<Unit filename="include/PCommandBuilder.hpp" />
		<Unit filename="include/PDefines.hpp" />
		<Unit filename="include/PEvent.hpp" />
		<Unit filename="include/PGpioManager.hpp" />
		<Unit filename="include/PI2C.hpp" />
		<Unit filename="include/PMaster.hpp" />
		<Unit filename="include/PMicro_C.hpp" />
		<Unit filename="include/PNetwork.hpp" />
		<Unit filename="include/PPositionTracker.hpp" />
		<Unit filename="include/PQueue.hpp" />
		<Unit filename="include/PRobot.hpp" />
		<Unit filename="include/PSingleTon.hpp" />
		<Unit filename="include/PThread.hpp" />
		<Unit filename="include/PUltrasonicSensor.hpp" />
		<Unit filename="main.cpp" />
		<Unit filename="src/PAgent.cpp" />
		<Unit filename="src/PCB_Moteur.cpp" />
		<Unit filename="src/PGpioManager.cpp" />
		<Unit filename="src/PI2C.cpp" />
		<Unit filename="src/PMaster.cpp" />
		<Unit filename="src/PMicro_C.cpp" />
		<Unit filename="src/PNetwork.cpp" />
		<Unit filename="src/PPositionTracker.cpp" />
		<Unit filename="src/PRobot.cpp" />
		<Unit filename="src/PThread.cpp" />
		<Unit filename="src/PUltrasonicSensor.cpp" />
		<Extensions>
			<code_completion />
			<envvars />
			<debugger />
			<lib_finder disable_auto="1" />
		</Extensions>
	</Project>
</CodeBlocks_project_file>
